
Microsoft Visual Studio Solution File, Format Version 12.00
# Visual Studio Version 16
VisualStudioVersion = 16.0.31112.23
MinimumVisualStudioVersion = 10.0.40219.1
Project("{FAE04EC0-301F-11D3-BF4B-00C04F79EFBC}") = "1.17", "1.17\1.17.csproj", "{BE0BAE39-4915-4D52-A35D-F68A777D4579}"
EndProject
Global
	GlobalSection(SolutionConfigurationPlatforms) = preSolution
		Debug|Any CPU = Debug|Any CPU
		Release|Any CPU = Release|Any CPU
	EndGlobalSection
	GlobalSection(ProjectConfigurationPlatforms) = postSolution
		{BE0BAE39-4915-4D52-A35D-F68A777D4579}.Debug|Any CPU.ActiveCfg = Debug|Any CPU
		{BE0BAE39-4915-4D52-A35D-F68A777D4579}.Debug|Any CPU.Build.0 = Debug|Any CPU
		{BE0BAE39-4915-4D52-A35D-F68A777D4579}.Release|Any CPU.ActiveCfg = Release|Any CPU
		{BE0BAE39-4915-4D52-A35D-F68A777D4579}.Release|Any CPU.Build.0 = Release|Any CPU
	EndGlobalSection
	GlobalSection(SolutionProperties) = preSolution
		HideSolutionNode = FALSE
	EndGlobalSection
	GlobalSection(ExtensibilityGlobals) = postSolution
		SolutionGuid = {53C2F8A6-B790-46EB-BCEC-CB571A39EE7B}
	EndGlobalSection
EndGlobal
